
Microsoft Visual Studio Solution File, Format Version 12.00
# Visual Studio 15
Project("{FAE04EC0-301F-11D3-BF4B-00C04F79EFBC}") = "TempConverter", "TempConverter\TempConverter.csproj", "{71E4530D-3E51-43F1-9C81-87417D67E40F}"
EndProject
Project("{FAE04EC0-301F-11D3-BF4B-00C04F79EFBC}") = "HelloMethods", "HelloMethods\HelloMethods.csproj", "{5DDF587E-34B6-430B-96A0-F9DB1A786915}"
EndProject
Project("{FAE04EC0-301F-11D3-BF4B-00C04F79EFBC}") = "InputOutput", "InputOutput\InputOutput.csproj", "{49047A69-3FB2-4912-9D8F-F758E619A8BB}"
EndProject
Project("{FAE04EC0-301F-11D3-BF4B-00C04F79EFBC}") = "NumericTypes", "NumericTypes\NumericTypes.csproj", "{D678A6BA-BCC2-46CB-B802-58D9098360CC}"
EndProject
Project("{FAE04EC0-301F-11D3-BF4B-00C04F79EFBC}") = "MoreNumericTypes", "MoreNumericTypes\MoreNumericTypes.csproj", "{1BA03F4A-506F-4468-B7CC-94B46698D222}"
EndProject
Project("{FAE04EC0-301F-11D3-BF4B-00C04F79EFBC}") = "Strings", "Strings\Strings.csproj", "{9C81F4B0-0BDB-4067-B6C4-7C553EADE5AE}"
EndProject
Global
	GlobalSection(SolutionConfigurationPlatforms) = preSolution
		Debug|Any CPU = Debug|Any CPU
		Release|Any CPU = Release|Any CPU
	EndGlobalSection
	GlobalSection(ProjectConfigurationPlatforms) = postSolution
		{71E4530D-3E51-43F1-9C81-87417D67E40F}.Debug|Any CPU.ActiveCfg = Debug|Any CPU
		{71E4530D-3E51-43F1-9C81-87417D67E40F}.Debug|Any CPU.Build.0 = Debug|Any CPU
		{71E4530D-3E51-43F1-9C81-87417D67E40F}.Release|Any CPU.ActiveCfg = Release|Any CPU
		{71E4530D-3E51-43F1-9C81-87417D67E40F}.Release|Any CPU.Build.0 = Release|Any CPU
		{5DDF587E-34B6-430B-96A0-F9DB1A786915}.Debug|Any CPU.ActiveCfg = Debug|Any CPU
		{5DDF587E-34B6-430B-96A0-F9DB1A786915}.Debug|Any CPU.Build.0 = Debug|Any CPU
		{5DDF587E-34B6-430B-96A0-F9DB1A786915}.Release|Any CPU.ActiveCfg = Release|Any CPU
		{5DDF587E-34B6-430B-96A0-F9DB1A786915}.Release|Any CPU.Build.0 = Release|Any CPU
		{49047A69-3FB2-4912-9D8F-F758E619A8BB}.Debug|Any CPU.ActiveCfg = Debug|Any CPU
		{49047A69-3FB2-4912-9D8F-F758E619A8BB}.Debug|Any CPU.Build.0 = Debug|Any CPU
		{49047A69-3FB2-4912-9D8F-F758E619A8BB}.Release|Any CPU.ActiveCfg = Release|Any CPU
		{49047A69-3FB2-4912-9D8F-F758E619A8BB}.Release|Any CPU.Build.0 = Release|Any CPU
		{D678A6BA-BCC2-46CB-B802-58D9098360CC}.Debug|Any CPU.ActiveCfg = Debug|Any CPU
		{D678A6BA-BCC2-46CB-B802-58D9098360CC}.Debug|Any CPU.Build.0 = Debug|Any CPU
		{D678A6BA-BCC2-46CB-B802-58D9098360CC}.Release|Any CPU.ActiveCfg = Release|Any CPU
		{D678A6BA-BCC2-46CB-B802-58D9098360CC}.Release|Any CPU.Build.0 = Release|Any CPU
		{1BA03F4A-506F-4468-B7CC-94B46698D222}.Debug|Any CPU.ActiveCfg = Debug|Any CPU
		{1BA03F4A-506F-4468-B7CC-94B46698D222}.Debug|Any CPU.Build.0 = Debug|Any CPU
		{1BA03F4A-506F-4468-B7CC-94B46698D222}.Release|Any CPU.ActiveCfg = Release|Any CPU
		{1BA03F4A-506F-4468-B7CC-94B46698D222}.Release|Any CPU.Build.0 = Release|Any CPU
		{9C81F4B0-0BDB-4067-B6C4-7C553EADE5AE}.Debug|Any CPU.ActiveCfg = Debug|Any CPU
		{9C81F4B0-0BDB-4067-B6C4-7C553EADE5AE}.Debug|Any CPU.Build.0 = Debug|Any CPU
		{9C81F4B0-0BDB-4067-B6C4-7C553EADE5AE}.Release|Any CPU.ActiveCfg = Release|Any CPU
		{9C81F4B0-0BDB-4067-B6C4-7C553EADE5AE}.Release|Any CPU.Build.0 = Release|Any CPU
	EndGlobalSection
EndGlobal
